// !$*UTF8*$!
{
	archiveVersion = 1;
	classes = {
	};
	objectVersion = 56;
	objects = {

/* Begin PBXBuildFile section */
		70E8BE2C2DBA67F5004DAA36 /* SessionViewControllerExtension.swift in Sources */ = {isa = PBXBuildFile; fileRef = 70E8BE2B2DBA67F5004DAA36 /* SessionViewControllerExtension.swift */; };
		810AD1802A9805EA00F94F43 /* SessionViewController.swift in Sources */ = {isa = PBXBuildFile; fileRef = 810AD17F2A9805EA00F94F43 /* SessionViewController.swift */; };
		818048692A8397AD00AC891F /* AppDelegate.swift in Sources */ = {isa = PBXBuildFile; fileRef = 818048682A8397AD00AC891F /* AppDelegate.swift */; };
		8180486B2A8397AD00AC891F /* SceneDelegate.swift in Sources */ = {isa = PBXBuildFile; fileRef = 8180486A2A8397AD00AC891F /* SceneDelegate.swift */; };
		8180486D2A8397AD00AC891F /* StartViewController.swift in Sources */ = {isa = PBXBuildFile; fileRef = 8180486C2A8397AD00AC891F /* StartViewController.swift */; };
		818048702A8397AD00AC891F /* Main.storyboard in Resources */ = {isa = PBXBuildFile; fileRef = 8180486E2A8397AD00AC891F /* Main.storyboard */; };
		818048722A8397AE00AC891F /* Assets.xcassets in Resources */ = {isa = PBXBuildFile; fileRef = 818048712A8397AE00AC891F /* Assets.xcassets */; };
		818048752A8397AE00AC891F /* LaunchScreen.storyboard in Resources */ = {isa = PBXBuildFile; fileRef = 818048732A8397AE00AC891F /* LaunchScreen.storyboard */; };
		D70470BC2F2A55CD00DF6E54 /* ZoomTask in Frameworks */ = {isa = PBXBuildFile; productRef = D70470BB2F2A55CD00DF6E54 /* ZoomTask */; };
		D70470BE2F2A55CD00DF6E54 /* ZoomVideoSDK in Frameworks */ = {isa = PBXBuildFile; productRef = D70470BD2F2A55CD00DF6E54 /* ZoomVideoSDK */; };
		D796C5E92F4E0C3700E09C9D /* ZoomTask in Frameworks */ = {isa = PBXBuildFile; productRef = D796C5E82F4E0C3700E09C9D /* ZoomTask */; };
		D796C5EB2F4E0C3700E09C9D /* ZoomVideoSDK in Frameworks */ = {isa = PBXBuildFile; productRef = D796C5EA2F4E0C3700E09C9D /* ZoomVideoSDK */; };
		D796C7492F51863E00E09C9D /* RedTint.metal in Sources */ = {isa = PBXBuildFile; fileRef = D796C7482F51863C00E09C9D /* RedTint.metal */; };
		D796C74B2F51866D00E09C9D /* MetalRedPreprocessor.swift in Sources */ = {isa = PBXBuildFile; fileRef = D796C74A2F51866C00E09C9D /* MetalRedPreprocessor.swift */; };
/* End PBXBuildFile section */

/* Begin PBXCopyFilesBuildPhase section */
		81A9A1AF2D8E30E2007D6E8F /* Embed Frameworks */ = {
			isa = PBXCopyFilesBuildPhase;
			buildActionMask = 2147483647;
			dstPath = "";
			dstSubfolderSpec = 10;
			files = (
			);
			name = "Embed Frameworks";
			runOnlyForDeploymentPostprocessing = 0;
		};
/* End PBXCopyFilesBuildPhase section */

/* Begin PBXFileReference section */
		70E8BE2B2DBA67F5004DAA36 /* SessionViewControllerExtension.swift */ = {isa = PBXFileReference; lastKnownFileType = sourcecode.swift; path = SessionViewControllerExtension.swift; sourceTree = "<group>"; };
		810AD17F2A9805EA00F94F43 /* SessionViewController.swift */ = {isa = PBXFileReference; lastKnownFileType = sourcecode.swift; path = SessionViewController.swift; sourceTree = "<group>"; };
		810AD1862A9D653F00F94F43 /* CoreGraphics.framework */ = {isa = PBXFileReference; lastKnownFileType = wrapper.framework; name = CoreGraphics.framework; path = System/Library/Frameworks/CoreGraphics.framework; sourceTree = SDKROOT; };
		810AD1882A9D654400F94F43 /* CoreVideo.framework */ = {isa = PBXFileReference; lastKnownFileType = wrapper.framework; name = CoreVideo.framework; path = System/Library/Frameworks/CoreVideo.framework; sourceTree = SDKROOT; };
		810AD18B2A9D654F00F94F43 /* VideoToolbox.framework */ = {isa = PBXFileReference; lastKnownFileType = wrapper.framework; name = VideoToolbox.framework; path = System/Library/Frameworks/VideoToolbox.framework; sourceTree = SDKROOT; };
		810AD18D2A9E72BF00F94F43 /* ReplayKit.framework */ = {isa = PBXFileReference; lastKnownFileType = wrapper.framework; name = ReplayKit.framework; path = System/Library/Frameworks/ReplayKit.framework; sourceTree = SDKROOT; };
		8134BEA92A900A6300E4A33C /* CoreMedia.framework */ = {isa = PBXFileReference; lastKnownFileType = wrapper.framework; name = CoreMedia.framework; path = System/Library/Frameworks/CoreMedia.framework; sourceTree = SDKROOT; };
		818048652A8397AD00AC891F /* MyVideoSDKApp.app */ = {isa = PBXFileReference; explicitFileType = wrapper.application; includeInIndex = 0; path = MyVideoSDKApp.app; sourceTree = BUILT_PRODUCTS_DIR; };
		818048682A8397AD00AC891F /* AppDelegate.swift */ = {isa = PBXFileReference; lastKnownFileType = sourcecode.swift; path = AppDelegate.swift; sourceTree = "<group>"; };
		8180486A2A8397AD00AC891F /* SceneDelegate.swift */ = {isa = PBXFileReference; lastKnownFileType = sourcecode.swift; path = SceneDelegate.swift; sourceTree = "<group>"; };
		8180486C2A8397AD00AC891F /* StartViewController.swift */ = {isa = PBXFileReference; lastKnownFileType = sourcecode.swift; path = StartViewController.swift; sourceTree = "<group>"; };
		8180486F2A8397AD00AC891F /* Base */ = {isa = PBXFileReference; lastKnownFileType = file.storyboard; name = Base; path = Base.lproj/Main.storyboard; sourceTree = "<group>"; };
		818048712A8397AE00AC891F /* Assets.xcassets */ = {isa = PBXFileReference; lastKnownFileType = folder.assetcatalog; path = Assets.xcassets; sourceTree = "<group>"; };
		818048742A8397AE00AC891F /* Base */ = {isa = PBXFileReference; lastKnownFileType = file.storyboard; name = Base; path = Base.lproj/LaunchScreen.storyboard; sourceTree = "<group>"; };
		818048762A8397AE00AC891F /* Info.plist */ = {isa = PBXFileReference; lastKnownFileType = text.plist.xml; path = Info.plist; sourceTree = "<group>"; };
		D796C7482F51863C00E09C9D /* RedTint.metal */ = {isa = PBXFileReference; lastKnownFileType = sourcecode.metal; path = RedTint.metal; sourceTree = "<group>"; };
		D796C74A2F51866C00E09C9D /* MetalRedPreprocessor.swift */ = {isa = PBXFileReference; lastKnownFileType = sourcecode.swift; path = MetalRedPreprocessor.swift; sourceTree = "<group>"; };
/* End PBXFileReference section */

/* Begin PBXFrameworksBuildPhase section */
		818048622A8397AD00AC891F /* Frameworks */ = {
			isa = PBXFrameworksBuildPhase;
			buildActionMask = 2147483647;
			files = (
				D796C5E92F4E0C3700E09C9D /* ZoomTask in Frameworks */,
				D70470BC2F2A55CD00DF6E54 /* ZoomTask in Frameworks */,
				D796C5EB2F4E0C3700E09C9D /* ZoomVideoSDK in Frameworks */,
				D70470BE2F2A55CD00DF6E54 /* ZoomVideoSDK in Frameworks */,
			);
			runOnlyForDeploymentPostprocessing = 0;
		};
/* End PBXFrameworksBuildPhase section */

/* Begin PBXGroup section */
		8180485C2A8397AD00AC891F = {
			isa = PBXGroup;
			children = (
				818048672A8397AD00AC891F /* MyVideoSDKApp */,
				818048662A8397AD00AC891F /* Products */,
				8180487E2A839BCD00AC891F /* Frameworks */,
			);
			sourceTree = "<group>";
		};
		818048662A8397AD00AC891F /* Products */ = {
			isa = PBXGroup;
			children = (
				818048652A8397AD00AC891F /* MyVideoSDKApp.app */,
			);
			name = Products;
			sourceTree = "<group>";
		};
		818048672A8397AD00AC891F /* MyVideoSDKApp */ = {
			isa = PBXGroup;
			children = (
				D796C74A2F51866C00E09C9D /* MetalRedPreprocessor.swift */,
				D796C7482F51863C00E09C9D /* RedTint.metal */,
				818048682A8397AD00AC891F /* AppDelegate.swift */,
				8180486A2A8397AD00AC891F /* SceneDelegate.swift */,
				8180486C2A8397AD00AC891F /* StartViewController.swift */,
				810AD17F2A9805EA00F94F43 /* SessionViewController.swift */,
				70E8BE2B2DBA67F5004DAA36 /* SessionViewControllerExtension.swift */,
				8180486E2A8397AD00AC891F /* Main.storyboard */,
				818048712A8397AE00AC891F /* Assets.xcassets */,
				818048732A8397AE00AC891F /* LaunchScreen.storyboard */,
				818048762A8397AE00AC891F /* Info.plist */,
			);
			path = MyVideoSDKApp;
			sourceTree = "<group>";
		};
		8180487E2A839BCD00AC891F /* Frameworks */ = {
			isa = PBXGroup;
			children = (
				810AD18D2A9E72BF00F94F43 /* ReplayKit.framework */,
				810AD18B2A9D654F00F94F43 /* VideoToolbox.framework */,
				810AD1882A9D654400F94F43 /* CoreVideo.framework */,
				810AD1862A9D653F00F94F43 /* CoreGraphics.framework */,
				8134BEA92A900A6300E4A33C /* CoreMedia.framework */,
			);
			name = Frameworks;
			sourceTree = "<group>";
		};
/* End PBXGroup section */

/* Begin PBXNativeTarget section */
		818048642A8397AD00AC891F /* MyVideoSDKApp */ = {
			isa = PBXNativeTarget;
			buildConfigurationList = 818048792A8397AE00AC891F /* Build configuration list for PBXNativeTarget "MyVideoSDKApp" */;
			buildPhases = (
				818048612A8397AD00AC891F /* Sources */,
				818048622A8397AD00AC891F /* Frameworks */,
				818048632A8397AD00AC891F /* Resources */,
				81A9A1AF2D8E30E2007D6E8F /* Embed Frameworks */,
			);
			buildRules = (
			);
			dependencies = (
			);
			name = MyVideoSDKApp;
			productName = MyVideoSDKApp;
			productReference = 818048652A8397AD00AC891F /* MyVideoSDKApp.app */;
			productType = "com.apple.product-type.application";
		};
/* End PBXNativeTarget section */

/* Begin PBXProject section */
		8180485D2A8397AD00AC891F /* Project object */ = {
			isa = PBXProject;
			attributes = {
				BuildIndependentTargetsInParallel = 1;
				LastSwiftUpdateCheck = 1430;
				LastUpgradeCheck = 1430;
				TargetAttributes = {
					818048642A8397AD00AC891F = {
						CreatedOnToolsVersion = 14.3.1;
					};
				};
			};
			buildConfigurationList = 818048602A8397AD00AC891F /* Build configuration list for PBXProject "MyVideoSDKApp" */;
			compatibilityVersion = "Xcode 14.0";
			developmentRegion = en;
			hasScannedForEncodings = 0;
			knownRegions = (
				en,
				Base,
			);
			mainGroup = 8180485C2A8397AD00AC891F;
			packageReferences = (
				D796C5E72F4E0C3700E09C9D /* XCRemoteSwiftPackageReference "videosdk-ios" */,
			);
			productRefGroup = 818048662A8397AD00AC891F /* Products */;
			projectDirPath = "";
			projectRoot = "";
			targets = (
				818048642A8397AD00AC891F /* MyVideoSDKApp */,
			);
		};
/* End PBXProject section */

/* Begin PBXResourcesBuildPhase section */
		818048632A8397AD00AC891F /* Resources */ = {
			isa = PBXResourcesBuildPhase;
			buildActionMask = 2147483647;
			files = (
				818048752A8397AE00AC891F /* LaunchScreen.storyboard in Resources */,
				818048722A8397AE00AC891F /* Assets.xcassets in Resources */,
				818048702A8397AD00AC891F /* Main.storyboard in Resources */,
			);
			runOnlyForDeploymentPostprocessing = 0;
		};
/* End PBXResourcesBuildPhase section */

/* Begin PBXSourcesBuildPhase section */
		818048612A8397AD00AC891F /* Sources */ = {
			isa = PBXSourcesBuildPhase;
			buildActionMask = 2147483647;
			files = (
				8180486D2A8397AD00AC891F /* StartViewController.swift in Sources */,
				70E8BE2C2DBA67F5004DAA36 /* SessionViewControllerExtension.swift in Sources */,
				D796C74B2F51866D00E09C9D /* MetalRedPreprocessor.swift in Sources */,
				810AD1802A9805EA00F94F43 /* SessionViewController.swift in Sources */,
				818048692A8397AD00AC891F /* AppDelegate.swift in Sources */,
				8180486B2A8397AD00AC891F /* SceneDelegate.swift in Sources */,
				D796C7492F51863E00E09C9D /* RedTint.metal in Sources */,
			);
			runOnlyForDeploymentPostprocessing = 0;
		};
/* End PBXSourcesBuildPhase section */

/* Begin PBXVariantGroup section */
		8180486E2A8397AD00AC891F /* Main.storyboard */ = {
			isa = PBXVariantGroup;
			children = (
				8180486F2A8397AD00AC891F /* Base */,
			);
			name = Main.storyboard;
			sourceTree = "<group>";
		};
		818048732A8397AE00AC891F /* LaunchScreen.storyboard */ = {
			isa = PBXVariantGroup;
			children = (
				818048742A8397AE00AC891F /* Base */,
			);
			name = LaunchScreen.storyboard;
			sourceTree = "<group>";
		};
/* End PBXVariantGroup section */

/* Begin XCBuildConfiguration section */
		818048772A8397AE00AC891F /* Debug */ = {
			isa = XCBuildConfiguration;
			buildSettings = {
				ALWAYS_SEARCH_USER_PATHS = NO;
				CLANG_ANALYZER_NONNULL = YES;
				CLANG_ANALYZER_NUMBER_OBJECT_CONVERSION = YES_AGGRESSIVE;
				CLANG_CXX_LANGUAGE_STANDARD = "gnu++20";
				CLANG_ENABLE_MODULES = YES;
				CLANG_ENABLE_OBJC_ARC = YES;
				CLANG_ENABLE_OBJC_WEAK = YES;
				CLANG_WARN_BLOCK_CAPTURE_AUTORELEASING = YES;
				CLANG_WARN_BOOL_CONVERSION = YES;
				CLANG_WARN_COMMA = YES;
				CLANG_WARN_CONSTANT_CONVERSION = YES;
				CLANG_WARN_DEPRECATED_OBJC_IMPLEMENTATIONS = YES;
				CLANG_WARN_DIRECT_OBJC_ISA_USAGE = YES_ERROR;
				CLANG_WARN_DOCUMENTATION_COMMENTS = YES;
				CLANG_WARN_EMPTY_BODY = YES;
				CLANG_WARN_ENUM_CONVERSION = YES;
				CLANG_WARN_INFINITE_RECURSION = YES;
				CLANG_WARN_INT_CONVERSION = YES;
				CLANG_WARN_NON_LITERAL_NULL_CONVERSION = YES;
				CLANG_WARN_OBJC_IMPLICIT_RETAIN_SELF = YES;
				CLANG_WARN_OBJC_LITERAL_CONVERSION = YES;
				CLANG_WARN_OBJC_ROOT_CLASS = YES_ERROR;
				CLANG_WARN_QUOTED_INCLUDE_IN_FRAMEWORK_HEADER = YES;
				CLANG_WARN_RANGE_LOOP_ANALYSIS = YES;
				CLANG_WARN_STRICT_PROTOTYPES = YES;
				CLANG_WARN_SUSPICIOUS_MOVE = YES;
				CLANG_WARN_UNGUARDED_AVAILABILITY = YES_AGGRESSIVE;
				CLANG_WARN_UNREACHABLE_CODE = YES;
				CLANG_WARN__DUPLICATE_METHOD_MATCH = YES;
				COPY_PHASE_STRIP = NO;
				DEBUG_INFORMATION_FORMAT = dwarf;
				ENABLE_STRICT_OBJC_MSGSEND = YES;
				ENABLE_TESTABILITY = YES;
				GCC_C_LANGUAGE_STANDARD = gnu11;
				GCC_DYNAMIC_NO_PIC = NO;
				GCC_NO_COMMON_BLOCKS = YES;
				GCC_OPTIMIZATION_LEVEL = 0;
				GCC_PREPROCESSOR_DEFINITIONS = (
					"DEBUG=1",
					"$(inherited)",
				);
				GCC_WARN_64_TO_32_BIT_CONVERSION = YES;
				GCC_WARN_ABOUT_RETURN_TYPE = YES_ERROR;
				GCC_WARN_UNDECLARED_SELECTOR = YES;
				GCC_WARN_UNINITIALIZED_AUTOS = YES_AGGRESSIVE;
				GCC_WARN_UNUSED_FUNCTION = YES;
				GCC_WARN_UNUSED_VARIABLE = YES;
				IPHONEOS_DEPLOYMENT_TARGET = 16.4;
				MTL_ENABLE_DEBUG_INFO = INCLUDE_SOURCE;
				MTL_FAST_MATH = YES;
				ONLY_ACTIVE_ARCH = YES;
				SDKROOT = iphoneos;
				SWIFT_ACTIVE_COMPILATION_CONDITIONS = DEBUG;
				SWIFT_OPTIMIZATION_LEVEL = "-Onone";
			};
			name = Debug;
		};
		818048782A8397AE00AC891F /* Release */ = {
			isa = XCBuildConfiguration;
			buildSettings = {
				ALWAYS_SEARCH_USER_PATHS = NO;
				CLANG_ANALYZER_NONNULL = YES;
				CLANG_ANALYZER_NUMBER_OBJECT_CONVERSION = YES_AGGRESSIVE;
				CLANG_CXX_LANGUAGE_STANDARD = "gnu++20";
				CLANG_ENABLE_MODULES = YES;
				CLANG_ENABLE_OBJC_ARC = YES;
				CLANG_ENABLE_OBJC_WEAK = YES;
				CLANG_WARN_BLOCK_CAPTURE_AUTORELEASING = YES;
				CLANG_WARN_BOOL_CONVERSION = YES;
				CLANG_WARN_COMMA = YES;
				CLANG_WARN_CONSTANT_CONVERSION = YES;
				CLANG_WARN_DEPRECATED_OBJC_IMPLEMENTATIONS = YES;
				CLANG_WARN_DIRECT_OBJC_ISA_USAGE = YES_ERROR;
				CLANG_WARN_DOCUMENTATION_COMMENTS = YES;
				CLANG_WARN_EMPTY_BODY = YES;
				CLANG_WARN_ENUM_CONVERSION = YES;
				CLANG_WARN_INFINITE_RECURSION = YES;
				CLANG_WARN_INT_CONVERSION = YES;
				CLANG_WARN_NON_LITERAL_NULL_CONVERSION = YES;
				CLANG_WARN_OBJC_IMPLICIT_RETAIN_SELF = YES;
				CLANG_WARN_OBJC_LITERAL_CONVERSION = YES;
				CLANG_WARN_OBJC_ROOT_CLASS = YES_ERROR;
				CLANG_WARN_QUOTED_INCLUDE_IN_FRAMEWORK_HEADER = YES;
				CLANG_WARN_RANGE_LOOP_ANALYSIS = YES;
				CLANG_WARN_STRICT_PROTOTYPES = YES;
				CLANG_WARN_SUSPICIOUS_MOVE = YES;
				CLANG_WARN_UNGUARDED_AVAILABILITY = YES_AGGRESSIVE;
				CLANG_WARN_UNREACHABLE_CODE = YES;
				CLANG_WARN__DUPLICATE_METHOD_MATCH = YES;
				COPY_PHASE_STRIP = NO;
				DEBUG_INFORMATION_FORMAT = "dwarf-with-dsym";
				ENABLE_NS_ASSERTIONS = NO;
				ENABLE_STRICT_OBJC_MSGSEND = YES;
				GCC_C_LANGUAGE_STANDARD = gnu11;
				GCC_NO_COMMON_BLOCKS = YES;
				GCC_WARN_64_TO_32_BIT_CONVERSION = YES;
				GCC_WARN_ABOUT_RETURN_TYPE = YES_ERROR;
				GCC_WARN_UNDECLARED_SELECTOR = YES;
				GCC_WARN_UNINITIALIZED_AUTOS = YES_AGGRESSIVE;
				GCC_WARN_UNUSED_FUNCTION = YES;
				GCC_WARN_UNUSED_VARIABLE = YES;
				IPHONEOS_DEPLOYMENT_TARGET = 16.4;
				MTL_ENABLE_DEBUG_INFO = NO;
				MTL_FAST_MATH = YES;
				SDKROOT = iphoneos;
				SWIFT_COMPILATION_MODE = wholemodule;
				SWIFT_OPTIMIZATION_LEVEL = "-O";
				VALIDATE_PRODUCT = YES;
			};
			name = Release;
		};
		8180487A2A8397AE00AC891F /* Debug */ = {
			isa = XCBuildConfiguration;
			buildSettings = {
				ASSETCATALOG_COMPILER_APPICON_NAME = AppIcon;
				ASSETCATALOG_COMPILER_GLOBAL_ACCENT_COLOR_NAME = AccentColor;
				ASSETCATALOG_COMPILER_INCLUDE_ALL_APPICON_ASSETS = YES;
				CODE_SIGN_IDENTITY = "Apple Development";
				CODE_SIGN_STYLE = Manual;
				CURRENT_PROJECT_VERSION = 1;
				DEVELOPMENT_TEAM = "";
				GENERATE_INFOPLIST_FILE = YES;
				INFOPLIST_FILE = MyVideoSDKApp/Info.plist;
				INFOPLIST_KEY_CFBundleDisplayName = "My VSDK App";
				INFOPLIST_KEY_NSBluetoothPeripheralUsageDescription = "Required for Bluetooth audio devices";
				INFOPLIST_KEY_NSCameraUsageDescription = "Required for Video";
				INFOPLIST_KEY_NSMicrophoneUsageDescription = "Required for Audio";
				INFOPLIST_KEY_UIApplicationSupportsIndirectInputEvents = YES;
				INFOPLIST_KEY_UILaunchStoryboardName = LaunchScreen;
				INFOPLIST_KEY_UIMainStoryboardFile = Main;
				INFOPLIST_KEY_UISupportedInterfaceOrientations_iPad = "UIInterfaceOrientationPortrait UIInterfaceOrientationPortraitUpsideDown UIInterfaceOrientationLandscapeLeft UIInterfaceOrientationLandscapeRight";
				INFOPLIST_KEY_UISupportedInterfaceOrientations_iPhone = "UIInterfaceOrientationPortrait UIInterfaceOrientationLandscapeLeft UIInterfaceOrientationLandscapeRight";
				IPHONEOS_DEPLOYMENT_TARGET = 15.6;
				LD_RUNPATH_SEARCH_PATHS = (
					"$(inherited)",
					"@executable_path/Frameworks",
				);
				MARKETING_VERSION = 1.0;
				PRODUCT_BUNDLE_IDENTIFIER = us.zoomtest.MyVideoSDKApp;
				PRODUCT_NAME = "$(TARGET_NAME)";
				PROVISIONING_PROFILE_SPECIFIER = "";
				SWIFT_EMIT_LOC_STRINGS = YES;
				SWIFT_VERSION = 5.0;
				TARGETED_DEVICE_FAMILY = "1,2";
			};
			name = Debug;
		};
		8180487B2A8397AE00AC891F /* Release */ = {
			isa = XCBuildConfiguration;
			buildSettings = {
				ASSETCATALOG_COMPILER_APPICON_NAME = AppIcon;
				ASSETCATALOG_COMPILER_GLOBAL_ACCENT_COLOR_NAME = AccentColor;
				ASSETCATALOG_COMPILER_INCLUDE_ALL_APPICON_ASSETS = YES;
				CODE_SIGN_IDENTITY = "Apple Development";
				CODE_SIGN_STYLE = Manual;
				CURRENT_PROJECT_VERSION = 1;
				DEVELOPMENT_TEAM = "";
				GENERATE_INFOPLIST_FILE = YES;
				INFOPLIST_FILE = MyVideoSDKApp/Info.plist;
				INFOPLIST_KEY_CFBundleDisplayName = "My VSDK App";
				INFOPLIST_KEY_NSBluetoothPeripheralUsageDescription = "Required for Bluetooth audio devices";
				INFOPLIST_KEY_NSCameraUsageDescription = "Required for Video";
				INFOPLIST_KEY_NSMicrophoneUsageDescription = "Required for Audio";
				INFOPLIST_KEY_UIApplicationSupportsIndirectInputEvents = YES;
				INFOPLIST_KEY_UILaunchStoryboardName = LaunchScreen;
				INFOPLIST_KEY_UIMainStoryboardFile = Main;
				INFOPLIST_KEY_UISupportedInterfaceOrientations_iPad = "UIInterfaceOrientationPortrait UIInterfaceOrientationPortraitUpsideDown UIInterfaceOrientationLandscapeLeft UIInterfaceOrientationLandscapeRight";
				INFOPLIST_KEY_UISupportedInterfaceOrientations_iPhone = "UIInterfaceOrientationPortrait UIInterfaceOrientationLandscapeLeft UIInterfaceOrientationLandscapeRight";
				IPHONEOS_DEPLOYMENT_TARGET = 15.6;
				LD_RUNPATH_SEARCH_PATHS = (
					"$(inherited)",
					"@executable_path/Frameworks",
				);
				MARKETING_VERSION = 1.0;
				PRODUCT_NAME = "$(TARGET_NAME)";
				PROVISIONING_PROFILE_SPECIFIER = "";
				SWIFT_EMIT_LOC_STRINGS = YES;
				SWIFT_VERSION = 5.0;
				TARGETED_DEVICE_FAMILY = "1,2";
			};
			name = Release;
		};
/* End XCBuildConfiguration section */

/* Begin XCConfigurationList section */
		818048602A8397AD00AC891F /* Build configuration list for PBXProject "MyVideoSDKApp" */ = {
			isa = XCConfigurationList;
			buildConfigurations = (
				818048772A8397AE00AC891F /* Debug */,
				818048782A8397AE00AC891F /* Release */,
			);
			defaultConfigurationIsVisible = 0;
			defaultConfigurationName = Release;
		};
		818048792A8397AE00AC891F /* Build configuration list for PBXNativeTarget "MyVideoSDKApp" */ = {
			isa = XCConfigurationList;
			buildConfigurations = (
				8180487A2A8397AE00AC891F /* Debug */,
				8180487B2A8397AE00AC891F /* Release */,
			);
			defaultConfigurationIsVisible = 0;
			defaultConfigurationName = Release;
		};
/* End XCConfigurationList section */

/* Begin XCRemoteSwiftPackageReference section */
		D70470BA2F2A55CD00DF6E54 /* XCRemoteSwiftPackageReference "videosdk-ios" */ = {
			isa = XCRemoteSwiftPackageReference;
			repositoryURL = "https://github.com/zoom/videosdk-ios/";
			requirement = {
				branch = "swift-package-manager";
				kind = branch;
			};
		};
		D796C5E72F4E0C3700E09C9D /* XCRemoteSwiftPackageReference "videosdk-ios" */ = {
			isa = XCRemoteSwiftPackageReference;
			repositoryURL = "https://github.com/zoom/videosdk-ios/";
			requirement = {
				branch = "swift-package-manager";
				kind = branch;
			};
		};
/* End XCRemoteSwiftPackageReference section */

/* Begin XCSwiftPackageProductDependency section */
		D70470BB2F2A55CD00DF6E54 /* ZoomTask */ = {
			isa = XCSwiftPackageProductDependency;
			package = D70470BA2F2A55CD00DF6E54 /* XCRemoteSwiftPackageReference "videosdk-ios" */;
			productName = ZoomTask;
		};
		D70470BD2F2A55CD00DF6E54 /* ZoomVideoSDK */ = {
			isa = XCSwiftPackageProductDependency;
			package = D70470BA2F2A55CD00DF6E54 /* XCRemoteSwiftPackageReference "videosdk-ios" */;
			productName = ZoomVideoSDK;
		};
		D796C5E82F4E0C3700E09C9D /* ZoomTask */ = {
			isa = XCSwiftPackageProductDependency;
			package = D796C5E72F4E0C3700E09C9D /* XCRemoteSwiftPackageReference "videosdk-ios" */;
			productName = ZoomTask;
		};
		D796C5EA2F4E0C3700E09C9D /* ZoomVideoSDK */ = {
			isa = XCSwiftPackageProductDependency;
			package = D796C5E72F4E0C3700E09C9D /* XCRemoteSwiftPackageReference "videosdk-ios" */;
			productName = ZoomVideoSDK;
		};
/* End XCSwiftPackageProductDependency section */
	};
	rootObject = 8180485D2A8397AD00AC891F /* Project object */;
}
